
Microsoft Visual Studio Solution File, Format Version 12.00
# Visual Studio Version 17
VisualStudioVersion = 17.14.36310.24 d17.14
MinimumVisualStudioVersion = 10.0.40219.1
Project("{8BC9CEB8-8B4A-11D0-8D11-00A0C91BC942}") = "Rock-Paper-Scissors Project_1#Level_2", "Rock-Paper-Scissors Project_1#Level_2\Rock-Paper-Scissors Project_1#Level_2.vcxproj", "{61039A71-50D4-4618-BA43-8FF77ADA17FA}"
EndProject
Global
	GlobalSection(SolutionConfigurationPlatforms) = preSolution
		Debug|x64 = Debug|x64
		Debug|x86 = Debug|x86
		Release|x64 = Release|x64
		Release|x86 = Release|x86
	EndGlobalSection
	GlobalSection(ProjectConfigurationPlatforms) = postSolution
		{61039A71-50D4-4618-BA43-8FF77ADA17FA}.Debug|x64.ActiveCfg = Debug|x64
		{61039A71-50D4-4618-BA43-8FF77ADA17FA}.Debug|x64.Build.0 = Debug|x64
		{61039A71-50D4-4618-BA43-8FF77ADA17FA}.Debug|x86.ActiveCfg = Debug|Win32
		{61039A71-50D4-4618-BA43-8FF77ADA17FA}.Debug|x86.Build.0 = Debug|Win32
		{61039A71-50D4-4618-BA43-8FF77ADA17FA}.Release|x64.ActiveCfg = Release|x64
		{61039A71-50D4-4618-BA43-8FF77ADA17FA}.Release|x64.Build.0 = Release|x64
		{61039A71-50D4-4618-BA43-8FF77ADA17FA}.Release|x86.ActiveCfg = Release|Win32
		{61039A71-50D4-4618-BA43-8FF77ADA17FA}.Release|x86.Build.0 = Release|Win32
	EndGlobalSection
	GlobalSection(SolutionProperties) = preSolution
		HideSolutionNode = FALSE
	EndGlobalSection
	GlobalSection(ExtensibilityGlobals) = postSolution
		SolutionGuid = {3586034D-0AD8-471D-846A-85269ED615D5}
	EndGlobalSection
EndGlobal
